# THIS IS AN AUTOGENERATED FILE. DO NOT EDIT THIS FILE DIRECTLY.
# yarn lockfile v1


arguments-to-array@^1.0.0:
  version "1.0.0"
  resolved "https://registry.yarnpkg.com/arguments-to-array/-/arguments-to-array-1.0.0.tgz#ceee6ab88c4961ca55662477572439134170eca0"

debug@^3.1.0:
  version "3.1.0"
  resolved "https://registry.yarnpkg.com/debug/-/debug-3.1.0.tgz#5bb5a0672628b64149566ba16819e61518c67261"
  dependencies:
    ms "2.0.0"

deep-sort-object@^1.0.2:
  version "1.0.2"
  resolved "https://registry.yarnpkg.com/deep-sort-object/-/deep-sort-object-1.0.2.tgz#3892dcef5dfd0efc2d6fa96beabccb33cd8ef91f"
  dependencies:
    is-plain-object "^2.0.1"

is-plain-object@^2.0.1:
  version "2.0.4"
  resolved "https://registry.yarnpkg.com/is-plain-object/-/is-plain-object-2.0.4.tgz#2c163b3fafb1b606d9d17928f05c2a1c38e07677"
  dependencies:
    isobject "^3.0.1"

isobject@^3.0.1:
  version "3.0.1"
  resolved "https://registry.yarnpkg.com/isobject/-/isobject-3.0.1.tgz#4e431e92b11a9731636aa1f9c8d1ccbcfdab78df"

ms@2.0.0:
  version "2.0.0"
  resolved "https://registry.yarnpkg.com/ms/-/ms-2.0.0.tgz#5608aeadfc00be6c2901df5f9861788de0d597c8"
